
Microsoft Visual Studio Solution File, Format Version 12.00
# Visual Studio Version 17
VisualStudioVersion = 17.10.35004.147
MinimumVisualStudioVersion = 10.0.40219.1
Project("{FAE04EC0-301F-11D3-BF4B-00C04F79EFBC}") = "CoreWCF-Demo", "CoreWCF-Demo\CoreWCF-Demo.csproj", "{2B4517DD-39A2-474A-BADE-2CF892486B46}"
EndProject
Project("{FAE04EC0-301F-11D3-BF4B-00C04F79EFBC}") = "CoreWCF-Demo-Infrastructure", "CoreWCF-Demo-Infrastructure\CoreWCF-Demo-Infrastructure.csproj", "{788AAA49-AF83-4430-AE7B-BD36039E7D97}"
EndProject
Global
	GlobalSection(SolutionConfigurationPlatforms) = preSolution
		Debug|Any CPU = Debug|Any CPU
		Release|Any CPU = Release|Any CPU
	EndGlobalSection
	GlobalSection(ProjectConfigurationPlatforms) = postSolution
		{2B4517DD-39A2-474A-BADE-2CF892486B46}.Debug|Any CPU.ActiveCfg = Debug|Any CPU
		{2B4517DD-39A2-474A-BADE-2CF892486B46}.Debug|Any CPU.Build.0 = Debug|Any CPU
		{2B4517DD-39A2-474A-BADE-2CF892486B46}.Release|Any CPU.ActiveCfg = Release|Any CPU
		{2B4517DD-39A2-474A-BADE-2CF892486B46}.Release|Any CPU.Build.0 = Release|Any CPU
		{788AAA49-AF83-4430-AE7B-BD36039E7D97}.Debug|Any CPU.ActiveCfg = Debug|Any CPU
		{788AAA49-AF83-4430-AE7B-BD36039E7D97}.Debug|Any CPU.Build.0 = Debug|Any CPU
		{788AAA49-AF83-4430-AE7B-BD36039E7D97}.Release|Any CPU.ActiveCfg = Release|Any CPU
		{788AAA49-AF83-4430-AE7B-BD36039E7D97}.Release|Any CPU.Build.0 = Release|Any CPU
	EndGlobalSection
	GlobalSection(SolutionProperties) = preSolution
		HideSolutionNode = FALSE
	EndGlobalSection
	GlobalSection(ExtensibilityGlobals) = postSolution
		SolutionGuid = {78FD6391-05BF-4E03-8448-7F55CA86A68B}
	EndGlobalSection
EndGlobal
